
Microsoft Visual Studio Solution File, Format Version 12.00
# Visual Studio Version 16
VisualStudioVersion = 16.0.30611.23
MinimumVisualStudioVersion = 10.0.40219.1
Project("{9A19103F-16F7-4668-BE54-9A1E7A4F7556}") = "Test", "Test\Test.csproj", "{5DC39DD4-1623-4C4D-ACF5-C029E6DCEA09}"
EndProject
Project("{FAE04EC0-301F-11D3-BF4B-00C04F79EFBC}") = "UnitTests", "UnitTests\UnitTests.csproj", "{3A9CD594-0118-431C-B8C5-1A446C8ACC36}"
EndProject
Global
	GlobalSection(SolutionConfigurationPlatforms) = preSolution
		Debug|Any CPU = Debug|Any CPU
		Release|Any CPU = Release|Any CPU
	EndGlobalSection
	GlobalSection(ProjectConfigurationPlatforms) = postSolution
		{5DC39DD4-1623-4C4D-ACF5-C029E6DCEA09}.Debug|Any CPU.ActiveCfg = Debug|Any CPU
		{5DC39DD4-1623-4C4D-ACF5-C029E6DCEA09}.Debug|Any CPU.Build.0 = Debug|Any CPU
		{5DC39DD4-1623-4C4D-ACF5-C029E6DCEA09}.Release|Any CPU.ActiveCfg = Release|Any CPU
		{5DC39DD4-1623-4C4D-ACF5-C029E6DCEA09}.Release|Any CPU.Build.0 = Release|Any CPU
		{3A9CD594-0118-431C-B8C5-1A446C8ACC36}.Debug|Any CPU.ActiveCfg = Debug|Any CPU
		{3A9CD594-0118-431C-B8C5-1A446C8ACC36}.Debug|Any CPU.Build.0 = Debug|Any CPU
		{3A9CD594-0118-431C-B8C5-1A446C8ACC36}.Release|Any CPU.ActiveCfg = Release|Any CPU
		{3A9CD594-0118-431C-B8C5-1A446C8ACC36}.Release|Any CPU.Build.0 = Release|Any CPU
	EndGlobalSection
	GlobalSection(SolutionProperties) = preSolution
		HideSolutionNode = FALSE
	EndGlobalSection
	GlobalSection(ExtensibilityGlobals) = postSolution
		SolutionGuid = {739AE3E6-1487-4428-8A53-9F325B1330BA}
	EndGlobalSection
EndGlobal
